
Microsoft Visual Studio Solution File, Format Version 12.00
# Visual Studio 14
VisualStudioVersion = 14.0.25420.1
MinimumVisualStudioVersion = 10.0.40219.1
Project("{FAE04EC0-301F-11D3-BF4B-00C04F79EFBC}") = "FirstXamarinApp.Droid", "FirstXamarinApp\FirstXamarinApp.Droid\FirstXamarinApp.Droid.csproj", "{50858C00-0C3A-4216-8714-EB4F09D2E5FF}"
EndProject
Project("{FAE04EC0-301F-11D3-BF4B-00C04F79EFBC}") = "FirstXamarinApp.iOS", "FirstXamarinApp\FirstXamarinApp.iOS\FirstXamarinApp.iOS.csproj", "{7B69057A-FFD1-43E8-833A-88577BBD5D3E}"
EndProject
Project("{FAE04EC0-301F-11D3-BF4B-00C04F79EFBC}") = "FirstXamarinApp.WinPhone", "FirstXamarinApp\FirstXamarinApp.WinPhone\FirstXamarinApp.WinPhone.csproj", "{379CC9EF-75DB-45A1-9A6C-334E4F7662AB}"
EndProject
Project("{FAE04EC0-301F-11D3-BF4B-00C04F79EFBC}") = "FirstXamarinApp", "FirstXamarinApp\FirstXamarinApp\FirstXamarinApp.csproj", "{4211702D-E6C3-4368-896C-4138E913B540}"
EndProject
Project("{FAE04EC0-301F-11D3-BF4B-00C04F79EFBC}") = "FirstXamarinApp.Tests", "FirstXamarinApp.Tests\FirstXamarinApp.Tests.csproj", "{35363BD7-A852-483A-83AB-E2E98F83945A}"
EndProject
Project("{FAE04EC0-301F-11D3-BF4B-00C04F79EFBC}") = "FirstXamarinApp.Tests.NUnitOnly", "FirstXamarinApp.Tests.NUnitOnly\FirstXamarinApp.Tests.NUnitOnly.csproj", "{F8CE4532-E268-4A37-8141-255DD3D02901}"
EndProject
Project("{FAE04EC0-301F-11D3-BF4B-00C04F79EFBC}") = "FirstXamarinApp.Tests.NoUpdates", "FirstXamarinApp.Tests.NoUpdates\FirstXamarinApp.Tests.NoUpdates.csproj", "{A49CC2DD-BC3F-4FB5-AA35-248855522992}"
EndProject
Project("{FAE04EC0-301F-11D3-BF4B-00C04F79EFBC}") = "BddWithXamarinUITest", "BddWithXamarinUITest\BddWithXamarinUITest.csproj", "{C609F28E-CB74-44D0-B9A9-DD9F31EC2732}"
EndProject
Global
	GlobalSection(SolutionConfigurationPlatforms) = preSolution
		Debug|Any CPU = Debug|Any CPU
		Debug|ARM = Debug|ARM
		Debug|iPhone = Debug|iPhone
		Debug|iPhoneSimulator = Debug|iPhoneSimulator
		Debug|x86 = Debug|x86
		Release|Any CPU = Release|Any CPU
		Release|ARM = Release|ARM
		Release|iPhone = Release|iPhone
		Release|iPhoneSimulator = Release|iPhoneSimulator
		Release|x86 = Release|x86
	EndGlobalSection
	GlobalSection(ProjectConfigurationPlatforms) = postSolution
		{50858C00-0C3A-4216-8714-EB4F09D2E5FF}.Debug|Any CPU.ActiveCfg = Debug|Any CPU
		{50858C00-0C3A-4216-8714-EB4F09D2E5FF}.Debug|Any CPU.Build.0 = Debug|Any CPU
		{50858C00-0C3A-4216-8714-EB4F09D2E5FF}.Debug|Any CPU.Deploy.0 = Debug|Any CPU
		{50858C00-0C3A-4216-8714-EB4F09D2E5FF}.Debug|ARM.ActiveCfg = Debug|Any CPU
		{50858C00-0C3A-4216-8714-EB4F09D2E5FF}.Debug|ARM.Build.0 = Debug|Any CPU
		{50858C00-0C3A-4216-8714-EB4F09D2E5FF}.Debug|ARM.Deploy.0 = Debug|Any CPU
		{50858C00-0C3A-4216-8714-EB4F09D2E5FF}.Debug|iPhone.ActiveCfg = Debug|Any CPU
		{50858C00-0C3A-4216-8714-EB4F09D2E5FF}.Debug|iPhone.Build.0 = Debug|Any CPU
		{50858C00-0C3A-4216-8714-EB4F09D2E5FF}.Debug|iPhone.Deploy.0 = Debug|Any CPU
		{50858C00-0C3A-4216-8714-EB4F09D2E5FF}.Debug|iPhoneSimulator.ActiveCfg = Debug|Any CPU
		{50858C00-0C3A-4216-8714-EB4F09D2E5FF}.Debug|iPhoneSimulator.Build.0 = Debug|Any CPU
		{50858C00-0C3A-4216-8714-EB4F09D2E5FF}.Debug|iPhoneSimulator.Deploy.0 = Debug|Any CPU
		{50858C00-0C3A-4216-8714-EB4F09D2E5FF}.Debug|x86.ActiveCfg = Debug|Any CPU
		{50858C00-0C3A-4216-8714-EB4F09D2E5FF}.Debug|x86.Build.0 = Debug|Any CPU
		{50858C00-0C3A-4216-8714-EB4F09D2E5FF}.Debug|x86.Deploy.0 = Debug|Any CPU
		{50858C00-0C3A-4216-8714-EB4F09D2E5FF}.Release|Any CPU.ActiveCfg = Release|Any CPU
		{50858C00-0C3A-4216-8714-EB4F09D2E5FF}.Release|Any CPU.Build.0 = Release|Any CPU
		{50858C00-0C3A-4216-8714-EB4F09D2E5FF}.Release|Any CPU.Deploy.0 = Release|Any CPU
		{50858C00-0C3A-4216-8714-EB4F09D2E5FF}.Release|ARM.ActiveCfg = Release|Any CPU
		{50858C00-0C3A-4216-8714-EB4F09D2E5FF}.Release|ARM.Build.0 = Release|Any CPU
		{50858C00-0C3A-4216-8714-EB4F09D2E5FF}.Release|ARM.Deploy.0 = Release|Any CPU
		{50858C00-0C3A-4216-8714-EB4F09D2E5FF}.Release|iPhone.ActiveCfg = Release|Any CPU
		{50858C00-0C3A-4216-8714-EB4F09D2E5FF}.Release|iPhone.Build.0 = Release|Any CPU
		{50858C00-0C3A-4216-8714-EB4F09D2E5FF}.Release|iPhone.Deploy.0 = Release|Any CPU
		{50858C00-0C3A-4216-8714-EB4F09D2E5FF}.Release|iPhoneSimulator.ActiveCfg = Release|Any CPU
		{50858C00-0C3A-4216-8714-EB4F09D2E5FF}.Release|iPhoneSimulator.Build.0 = Release|Any CPU
		{50858C00-0C3A-4216-8714-EB4F09D2E5FF}.Release|iPhoneSimulator.Deploy.0 = Release|Any CPU
		{50858C00-0C3A-4216-8714-EB4F09D2E5FF}.Release|x86.ActiveCfg = Release|Any CPU
		{50858C00-0C3A-4216-8714-EB4F09D2E5FF}.Release|x86.Build.0 = Release|Any CPU
		{50858C00-0C3A-4216-8714-EB4F09D2E5FF}.Release|x86.Deploy.0 = Release|Any CPU
		{7B69057A-FFD1-43E8-833A-88577BBD5D3E}.Debug|Any CPU.ActiveCfg = Debug|iPhone
		{7B69057A-FFD1-43E8-833A-88577BBD5D3E}.Debug|ARM.ActiveCfg = Debug|iPhone
		{7B69057A-FFD1-43E8-833A-88577BBD5D3E}.Debug|iPhone.ActiveCfg = Debug|iPhone
		{7B69057A-FFD1-43E8-833A-88577BBD5D3E}.Debug|iPhone.Build.0 = Debug|iPhone
		{7B69057A-FFD1-43E8-833A-88577BBD5D3E}.Debug|iPhoneSimulator.ActiveCfg = Debug|iPhoneSimulator
		{7B69057A-FFD1-43E8-833A-88577BBD5D3E}.Debug|iPhoneSimulator.Build.0 = Debug|iPhoneSimulator
		{7B69057A-FFD1-43E8-833A-88577BBD5D3E}.Debug|x86.ActiveCfg = Debug|iPhone
		{7B69057A-FFD1-43E8-833A-88577BBD5D3E}.Release|Any CPU.ActiveCfg = Release|iPhone
		{7B69057A-FFD1-43E8-833A-88577BBD5D3E}.Release|ARM.ActiveCfg = Release|iPhone
		{7B69057A-FFD1-43E8-833A-88577BBD5D3E}.Release|iPhone.ActiveCfg = Release|iPhone
		{7B69057A-FFD1-43E8-833A-88577BBD5D3E}.Release|iPhone.Build.0 = Release|iPhone
		{7B69057A-FFD1-43E8-833A-88577BBD5D3E}.Release|iPhoneSimulator.ActiveCfg = Release|iPhoneSimulator
		{7B69057A-FFD1-43E8-833A-88577BBD5D3E}.Release|iPhoneSimulator.Build.0 = Release|iPhoneSimulator
		{7B69057A-FFD1-43E8-833A-88577BBD5D3E}.Release|x86.ActiveCfg = Release|iPhone
		{379CC9EF-75DB-45A1-9A6C-334E4F7662AB}.Debug|Any CPU.ActiveCfg = Debug|Any CPU
		{379CC9EF-75DB-45A1-9A6C-334E4F7662AB}.Debug|Any CPU.Build.0 = Debug|Any CPU
		{379CC9EF-75DB-45A1-9A6C-334E4F7662AB}.Debug|Any CPU.Deploy.0 = Debug|Any CPU
		{379CC9EF-75DB-45A1-9A6C-334E4F7662AB}.Debug|ARM.ActiveCfg = Debug|ARM
		{379CC9EF-75DB-45A1-9A6C-334E4F7662AB}.Debug|ARM.Build.0 = Debug|ARM
		{379CC9EF-75DB-45A1-9A6C-334E4F7662AB}.Debug|ARM.Deploy.0 = Debug|ARM
		{379CC9EF-75DB-45A1-9A6C-334E4F7662AB}.Debug|iPhone.ActiveCfg = Debug|Any CPU
		{379CC9EF-75DB-45A1-9A6C-334E4F7662AB}.Debug|iPhone.Build.0 = Debug|Any CPU
		{379CC9EF-75DB-45A1-9A6C-334E4F7662AB}.Debug|iPhone.Deploy.0 = Debug|Any CPU
		{379CC9EF-75DB-45A1-9A6C-334E4F7662AB}.Debug|iPhoneSimulator.ActiveCfg = Debug|Any CPU
		{379CC9EF-75DB-45A1-9A6C-334E4F7662AB}.Debug|iPhoneSimulator.Build.0 = Debug|Any CPU
		{379CC9EF-75DB-45A1-9A6C-334E4F7662AB}.Debug|iPhoneSimulator.Deploy.0 = Debug|Any CPU
		{379CC9EF-75DB-45A1-9A6C-334E4F7662AB}.Debug|x86.ActiveCfg = Debug|x86
		{379CC9EF-75DB-45A1-9A6C-334E4F7662AB}.Debug|x86.Build.0 = Debug|x86
		{379CC9EF-75DB-45A1-9A6C-334E4F7662AB}.Debug|x86.Deploy.0 = Debug|x86
		{379CC9EF-75DB-45A1-9A6C-334E4F7662AB}.Release|Any CPU.ActiveCfg = Release|Any CPU
		{379CC9EF-75DB-45A1-9A6C-334E4F7662AB}.Release|Any CPU.Build.0 = Release|Any CPU
		{379CC9EF-75DB-45A1-9A6C-334E4F7662AB}.Release|Any CPU.Deploy.0 = Release|Any CPU
		{379CC9EF-75DB-45A1-9A6C-334E4F7662AB}.Release|ARM.ActiveCfg = Release|ARM
		{379CC9EF-75DB-45A1-9A6C-334E4F7662AB}.Release|ARM.Build.0 = Release|ARM
		{379CC9EF-75DB-45A1-9A6C-334E4F7662AB}.Release|ARM.Deploy.0 = Release|ARM
		{379CC9EF-75DB-45A1-9A6C-334E4F7662AB}.Release|iPhone.ActiveCfg = Release|Any CPU
		{379CC9EF-75DB-45A1-9A6C-334E4F7662AB}.Release|iPhone.Build.0 = Release|Any CPU
		{379CC9EF-75DB-45A1-9A6C-334E4F7662AB}.Release|iPhone.Deploy.0 = Release|Any CPU
		{379CC9EF-75DB-45A1-9A6C-334E4F7662AB}.Release|iPhoneSimulator.ActiveCfg = Release|Any CPU
		{379CC9EF-75DB-45A1-9A6C-334E4F7662AB}.Release|iPhoneSimulator.Build.0 = Release|Any CPU
		{379CC9EF-75DB-45A1-9A6C-334E4F7662AB}.Release|iPhoneSimulator.Deploy.0 = Release|Any CPU
		{379CC9EF-75DB-45A1-9A6C-334E4F7662AB}.Release|x86.ActiveCfg = Release|x86
		{379CC9EF-75DB-45A1-9A6C-334E4F7662AB}.Release|x86.Build.0 = Release|x86
		{379CC9EF-75DB-45A1-9A6C-334E4F7662AB}.Release|x86.Deploy.0 = Release|x86
		{4211702D-E6C3-4368-896C-4138E913B540}.Debug|Any CPU.ActiveCfg = Debug|Any CPU
		{4211702D-E6C3-4368-896C-4138E913B540}.Debug|Any CPU.Build.0 = Debug|Any CPU
		{4211702D-E6C3-4368-896C-4138E913B540}.Debug|ARM.ActiveCfg = Debug|Any CPU
		{4211702D-E6C3-4368-896C-4138E913B540}.Debug|ARM.Build.0 = Debug|Any CPU
		{4211702D-E6C3-4368-896C-4138E913B540}.Debug|iPhone.ActiveCfg = Debug|Any CPU
		{4211702D-E6C3-4368-896C-4138E913B540}.Debug|iPhone.Build.0 = Debug|Any CPU
		{4211702D-E6C3-4368-896C-4138E913B540}.Debug|iPhoneSimulator.ActiveCfg = Debug|Any CPU
		{4211702D-E6C3-4368-896C-4138E913B540}.Debug|iPhoneSimulator.Build.0 = Debug|Any CPU
		{4211702D-E6C3-4368-896C-4138E913B540}.Debug|x86.ActiveCfg = Debug|Any CPU
		{4211702D-E6C3-4368-896C-4138E913B540}.Debug|x86.Build.0 = Debug|Any CPU
		{4211702D-E6C3-4368-896C-4138E913B540}.Release|Any CPU.ActiveCfg = Release|Any CPU
		{4211702D-E6C3-4368-896C-4138E913B540}.Release|Any CPU.Build.0 = Release|Any CPU
		{4211702D-E6C3-4368-896C-4138E913B540}.Release|ARM.ActiveCfg = Release|Any CPU
		{4211702D-E6C3-4368-896C-4138E913B540}.Release|ARM.Build.0 = Release|Any CPU
		{4211702D-E6C3-4368-896C-4138E913B540}.Release|iPhone.ActiveCfg = Release|Any CPU
		{4211702D-E6C3-4368-896C-4138E913B540}.Release|iPhone.Build.0 = Release|Any CPU
		{4211702D-E6C3-4368-896C-4138E913B540}.Release|iPhoneSimulator.ActiveCfg = Release|Any CPU
		{4211702D-E6C3-4368-896C-4138E913B540}.Release|iPhoneSimulator.Build.0 = Release|Any CPU
		{4211702D-E6C3-4368-896C-4138E913B540}.Release|x86.ActiveCfg = Release|Any CPU
		{4211702D-E6C3-4368-896C-4138E913B540}.Release|x86.Build.0 = Release|Any CPU
		{35363BD7-A852-483A-83AB-E2E98F83945A}.Debug|Any CPU.ActiveCfg = Debug|Any CPU
		{35363BD7-A852-483A-83AB-E2E98F83945A}.Debug|Any CPU.Build.0 = Debug|Any CPU
		{35363BD7-A852-483A-83AB-E2E98F83945A}.Debug|ARM.ActiveCfg = Debug|Any CPU
		{35363BD7-A852-483A-83AB-E2E98F83945A}.Debug|ARM.Build.0 = Debug|Any CPU
		{35363BD7-A852-483A-83AB-E2E98F83945A}.Debug|iPhone.ActiveCfg = Debug|Any CPU
		{35363BD7-A852-483A-83AB-E2E98F83945A}.Debug|iPhone.Build.0 = Debug|Any CPU
		{35363BD7-A852-483A-83AB-E2E98F83945A}.Debug|iPhoneSimulator.ActiveCfg = Debug|Any CPU
		{35363BD7-A852-483A-83AB-E2E98F83945A}.Debug|iPhoneSimulator.Build.0 = Debug|Any CPU
		{35363BD7-A852-483A-83AB-E2E98F83945A}.Debug|x86.ActiveCfg = Debug|Any CPU
		{35363BD7-A852-483A-83AB-E2E98F83945A}.Debug|x86.Build.0 = Debug|Any CPU
		{35363BD7-A852-483A-83AB-E2E98F83945A}.Release|Any CPU.ActiveCfg = Release|Any CPU
		{35363BD7-A852-483A-83AB-E2E98F83945A}.Release|Any CPU.Build.0 = Release|Any CPU
		{35363BD7-A852-483A-83AB-E2E98F83945A}.Release|ARM.ActiveCfg = Release|Any CPU
		{35363BD7-A852-483A-83AB-E2E98F83945A}.Release|ARM.Build.0 = Release|Any CPU
		{35363BD7-A852-483A-83AB-E2E98F83945A}.Release|iPhone.ActiveCfg = Release|Any CPU
		{35363BD7-A852-483A-83AB-E2E98F83945A}.Release|iPhone.Build.0 = Release|Any CPU
		{35363BD7-A852-483A-83AB-E2E98F83945A}.Release|iPhoneSimulator.ActiveCfg = Release|Any CPU
		{35363BD7-A852-483A-83AB-E2E98F83945A}.Release|iPhoneSimulator.Build.0 = Release|Any CPU
		{35363BD7-A852-483A-83AB-E2E98F83945A}.Release|x86.ActiveCfg = Release|Any CPU
		{35363BD7-A852-483A-83AB-E2E98F83945A}.Release|x86.Build.0 = Release|Any CPU
		{F8CE4532-E268-4A37-8141-255DD3D02901}.Debug|Any CPU.ActiveCfg = Debug|Any CPU
		{F8CE4532-E268-4A37-8141-255DD3D02901}.Debug|Any CPU.Build.0 = Debug|Any CPU
		{F8CE4532-E268-4A37-8141-255DD3D02901}.Debug|ARM.ActiveCfg = Debug|Any CPU
		{F8CE4532-E268-4A37-8141-255DD3D02901}.Debug|ARM.Build.0 = Debug|Any CPU
		{F8CE4532-E268-4A37-8141-255DD3D02901}.Debug|iPhone.ActiveCfg = Debug|Any CPU
		{F8CE4532-E268-4A37-8141-255DD3D02901}.Debug|iPhone.Build.0 = Debug|Any CPU
		{F8CE4532-E268-4A37-8141-255DD3D02901}.Debug|iPhoneSimulator.ActiveCfg = Debug|Any CPU
		{F8CE4532-E268-4A37-8141-255DD3D02901}.Debug|iPhoneSimulator.Build.0 = Debug|Any CPU
		{F8CE4532-E268-4A37-8141-255DD3D02901}.Debug|x86.ActiveCfg = Debug|Any CPU
		{F8CE4532-E268-4A37-8141-255DD3D02901}.Debug|x86.Build.0 = Debug|Any CPU
		{F8CE4532-E268-4A37-8141-255DD3D02901}.Release|Any CPU.ActiveCfg = Release|Any CPU
		{F8CE4532-E268-4A37-8141-255DD3D02901}.Release|Any CPU.Build.0 = Release|Any CPU
		{F8CE4532-E268-4A37-8141-255DD3D02901}.Release|ARM.ActiveCfg = Release|Any CPU
		{F8CE4532-E268-4A37-8141-255DD3D02901}.Release|ARM.Build.0 = Release|Any CPU
		{F8CE4532-E268-4A37-8141-255DD3D02901}.Release|iPhone.ActiveCfg = Release|Any CPU
		{F8CE4532-E268-4A37-8141-255DD3D02901}.Release|iPhone.Build.0 = Release|Any CPU
		{F8CE4532-E268-4A37-8141-255DD3D02901}.Release|iPhoneSimulator.ActiveCfg = Release|Any CPU
		{F8CE4532-E268-4A37-8141-255DD3D02901}.Release|iPhoneSimulator.Build.0 = Release|Any CPU
		{F8CE4532-E268-4A37-8141-255DD3D02901}.Release|x86.ActiveCfg = Release|Any CPU
		{F8CE4532-E268-4A37-8141-255DD3D02901}.Release|x86.Build.0 = Release|Any CPU
		{A49CC2DD-BC3F-4FB5-AA35-248855522992}.Debug|Any CPU.ActiveCfg = Debug|Any CPU
		{A49CC2DD-BC3F-4FB5-AA35-248855522992}.Debug|Any CPU.Build.0 = Debug|Any CPU
		{A49CC2DD-BC3F-4FB5-AA35-248855522992}.Debug|ARM.ActiveCfg = Debug|Any CPU
		{A49CC2DD-BC3F-4FB5-AA35-248855522992}.Debug|ARM.Build.0 = Debug|Any CPU
		{A49CC2DD-BC3F-4FB5-AA35-248855522992}.Debug|iPhone.ActiveCfg = Debug|Any CPU
		{A49CC2DD-BC3F-4FB5-AA35-248855522992}.Debug|iPhone.Build.0 = Debug|Any CPU
		{A49CC2DD-BC3F-4FB5-AA35-248855522992}.Debug|iPhoneSimulator.ActiveCfg = Debug|Any CPU
		{A49CC2DD-BC3F-4FB5-AA35-248855522992}.Debug|iPhoneSimulator.Build.0 = Debug|Any CPU
		{A49CC2DD-BC3F-4FB5-AA35-248855522992}.Debug|x86.ActiveCfg = Debug|Any CPU
		{A49CC2DD-BC3F-4FB5-AA35-248855522992}.Debug|x86.Build.0 = Debug|Any CPU
		{A49CC2DD-BC3F-4FB5-AA35-248855522992}.Release|Any CPU.ActiveCfg = Release|Any CPU
		{A49CC2DD-BC3F-4FB5-AA35-248855522992}.Release|Any CPU.Build.0 = Release|Any CPU
		{A49CC2DD-BC3F-4FB5-AA35-248855522992}.Release|ARM.ActiveCfg = Release|Any CPU
		{A49CC2DD-BC3F-4FB5-AA35-248855522992}.Release|ARM.Build.0 = Release|Any CPU
		{A49CC2DD-BC3F-4FB5-AA35-248855522992}.Release|iPhone.ActiveCfg = Release|Any CPU
		{A49CC2DD-BC3F-4FB5-AA35-248855522992}.Release|iPhone.Build.0 = Release|Any CPU
		{A49CC2DD-BC3F-4FB5-AA35-248855522992}.Release|iPhoneSimulator.ActiveCfg = Release|Any CPU
		{A49CC2DD-BC3F-4FB5-AA35-248855522992}.Release|iPhoneSimulator.Build.0 = Release|Any CPU
		{A49CC2DD-BC3F-4FB5-AA35-248855522992}.Release|x86.ActiveCfg = Release|Any CPU
		{A49CC2DD-BC3F-4FB5-AA35-248855522992}.Release|x86.Build.0 = Release|Any CPU
		{C609F28E-CB74-44D0-B9A9-DD9F31EC2732}.Debug|Any CPU.ActiveCfg = Debug|Any CPU
		{C609F28E-CB74-44D0-B9A9-DD9F31EC2732}.Debug|Any CPU.Build.0 = Debug|Any CPU
		{C609F28E-CB74-44D0-B9A9-DD9F31EC2732}.Debug|ARM.ActiveCfg = Debug|Any CPU
		{C609F28E-CB74-44D0-B9A9-DD9F31EC2732}.Debug|ARM.Build.0 = Debug|Any CPU
		{C609F28E-CB74-44D0-B9A9-DD9F31EC2732}.Debug|iPhone.ActiveCfg = Debug|Any CPU
		{C609F28E-CB74-44D0-B9A9-DD9F31EC2732}.Debug|iPhone.Build.0 = Debug|Any CPU
		{C609F28E-CB74-44D0-B9A9-DD9F31EC2732}.Debug|iPhoneSimulator.ActiveCfg = Debug|Any CPU
		{C609F28E-CB74-44D0-B9A9-DD9F31EC2732}.Debug|iPhoneSimulator.Build.0 = Debug|Any CPU
		{C609F28E-CB74-44D0-B9A9-DD9F31EC2732}.Debug|x86.ActiveCfg = Debug|Any CPU
		{C609F28E-CB74-44D0-B9A9-DD9F31EC2732}.Debug|x86.Build.0 = Debug|Any CPU
		{C609F28E-CB74-44D0-B9A9-DD9F31EC2732}.Release|Any CPU.ActiveCfg = Release|Any CPU
		{C609F28E-CB74-44D0-B9A9-DD9F31EC2732}.Release|Any CPU.Build.0 = Release|Any CPU
		{C609F28E-CB74-44D0-B9A9-DD9F31EC2732}.Release|ARM.ActiveCfg = Release|Any CPU
		{C609F28E-CB74-44D0-B9A9-DD9F31EC2732}.Release|ARM.Build.0 = Release|Any CPU
		{C609F28E-CB74-44D0-B9A9-DD9F31EC2732}.Release|iPhone.ActiveCfg = Release|Any CPU
		{C609F28E-CB74-44D0-B9A9-DD9F31EC2732}.Release|iPhone.Build.0 = Release|Any CPU
		{C609F28E-CB74-44D0-B9A9-DD9F31EC2732}.Release|iPhoneSimulator.ActiveCfg = Release|Any CPU
		{C609F28E-CB74-44D0-B9A9-DD9F31EC2732}.Release|iPhoneSimulator.Build.0 = Release|Any CPU
		{C609F28E-CB74-44D0-B9A9-DD9F31EC2732}.Release|x86.ActiveCfg = Release|Any CPU
		{C609F28E-CB74-44D0-B9A9-DD9F31EC2732}.Release|x86.Build.0 = Release|Any CPU
	EndGlobalSection
	GlobalSection(SolutionProperties) = preSolution
		HideSolutionNode = FALSE
	EndGlobalSection
EndGlobal
